<?xml version="1.0" encoding="utf-8"?>
<Project ToolsVersion="4.0" xmlns="http://schemas.microsoft.com/developer/msbuild/2003">
  <ItemGroup>
    <ClCompile Include="source\entrypoint.cpp" />
    <ClCompile Include="source\application.cpp" />
    <ClCompile Include="source\window.cpp" />
  </ItemGroup>
  <ItemGroup>
    <ClInclude Include="source\application.hpp" />
    <ClInclude Include="source\window.hpp" />
  </ItemGroup>
</Project>